# This file is automatically @generated by Cargo.
# It is not intended for manual editing.
version = 4

[[package]]
name = "adventofcode2024"
version = "0.1.0"

[[package]]
name = "day_01"
version = "0.1.0"
dependencies = [
 "util",
]

[[package]]
name = "day_02"
version = "0.1.0"
dependencies = [
 "util",
]

[[package]]
name = "day_03"
version = "0.1.0"
dependencies = [
 "util",
]

[[package]]
name = "day_04"
version = "0.1.0"
dependencies = [
 "util",
]

[[package]]
name = "day_05"
version = "0.1.0"
dependencies = [
 "util",
]

[[package]]
name = "day_06"
version = "0.1.0"
dependencies = [
 "util",
]

[[package]]
name = "day_07"
version = "0.1.0"
dependencies = [
 "util",
]

[[package]]
name = "day_08"
version = "0.1.0"
dependencies = [
 "util",
]

[[package]]
name = "day_09"
version = "0.1.0"
dependencies = [
 "util",
]

[[package]]
name = "day_10"
version = "0.1.0"
dependencies = [
 "util",
]

[[package]]
name = "day_11"
version = "0.1.0"
dependencies = [
 "util",
]

[[package]]
name = "day_12"
version = "0.1.0"
dependencies = [
 "util",
]

[[package]]
name = "day_13"
version = "0.1.0"
dependencies = [
 "util",
]

[[package]]
name = "day_14"
version = "0.1.0"
dependencies = [
 "util",
]

[[package]]
name = "day_15"
version = "0.1.0"
dependencies = [
 "util",
]

[[package]]
name = "day_16"
version = "0.1.0"
dependencies = [
 "util",
]

[[package]]
name = "day_17"
version = "0.1.0"
dependencies = [
 "util",
]

[[package]]
name = "day_18"
version = "0.1.0"
dependencies = [
 "util",
]

[[package]]
name = "day_19"
version = "0.1.0"
dependencies = [
 "util",
]

[[package]]
name = "day_20"
version = "0.1.0"
dependencies = [
 "util",
]

[[package]]
name = "day_21"
version = "0.1.0"
dependencies = [
 "util",
]

[[package]]
name = "day_22"
version = "0.1.0"
dependencies = [
 "util",
]

[[package]]
name = "day_23"
version = "0.1.0"
dependencies = [
 "util",
]

[[package]]
name = "day_24"
version = "0.1.0"
dependencies = [
 "util",
]

[[package]]
name = "day_25"
version = "0.1.0"
dependencies = [
 "util",
]

[[package]]
name = "util"
version = "0.1.0"
